
Microsoft Visual Studio Solution File, Format Version 12.00
# Visual Studio Version 16
VisualStudioVersion = 16.0.30517.126
MinimumVisualStudioVersion = 10.0.40219.1
Project("{FAE04EC0-301F-11D3-BF4B-00C04F79EFBC}") = "ContosoUniversity", "ContosoUniversity.csproj", "{77737E67-D3C7-4CCD-9615-AEBF820C717A}"
EndProject
Global
	GlobalSection(SolutionConfigurationPlatforms) = preSolution
		Debug|Any CPU = Debug|Any CPU
		Release|Any CPU = Release|Any CPU
	EndGlobalSection
	GlobalSection(ProjectConfigurationPlatforms) = postSolution
		{77737E67-D3C7-4CCD-9615-AEBF820C717A}.Debug|Any CPU.ActiveCfg = Debug|Any CPU
		{77737E67-D3C7-4CCD-9615-AEBF820C717A}.Debug|Any CPU.Build.0 = Debug|Any CPU
		{77737E67-D3C7-4CCD-9615-AEBF820C717A}.Release|Any CPU.ActiveCfg = Release|Any CPU
		{77737E67-D3C7-4CCD-9615-AEBF820C717A}.Release|Any CPU.Build.0 = Release|Any CPU
	EndGlobalSection
	GlobalSection(SolutionProperties) = preSolution
		HideSolutionNode = FALSE
	EndGlobalSection
	GlobalSection(ExtensibilityGlobals) = postSolution
		SolutionGuid = {4C8107D9-78C0-4F94-99C2-B1A0CCB35BCC}
	EndGlobalSection
EndGlobal
