
Microsoft Visual Studio Solution File, Format Version 12.00
# Visual Studio Version 16
VisualStudioVersion = 16.0.30517.126
MinimumVisualStudioVersion = 10.0.40219.1
Project("{FAE04EC0-301F-11D3-BF4B-00C04F79EFBC}") = "MegaDesk-Gongora", "MegaDesk-Gongora\MegaDesk-Gongora.csproj", "{44F2896B-CD9C-454E-B2FE-8B054A8A37D2}"
EndProject
Global
	GlobalSection(SolutionConfigurationPlatforms) = preSolution
		Debug|Any CPU = Debug|Any CPU
		Release|Any CPU = Release|Any CPU
	EndGlobalSection
	GlobalSection(ProjectConfigurationPlatforms) = postSolution
		{44F2896B-CD9C-454E-B2FE-8B054A8A37D2}.Debug|Any CPU.ActiveCfg = Debug|Any CPU
		{44F2896B-CD9C-454E-B2FE-8B054A8A37D2}.Debug|Any CPU.Build.0 = Debug|Any CPU
		{44F2896B-CD9C-454E-B2FE-8B054A8A37D2}.Release|Any CPU.ActiveCfg = Release|Any CPU
		{44F2896B-CD9C-454E-B2FE-8B054A8A37D2}.Release|Any CPU.Build.0 = Release|Any CPU
	EndGlobalSection
	GlobalSection(SolutionProperties) = preSolution
		HideSolutionNode = FALSE
	EndGlobalSection
	GlobalSection(ExtensibilityGlobals) = postSolution
		SolutionGuid = {6AE6C1F6-7CFB-4563-A3DD-05F198F2BA17}
	EndGlobalSection
EndGlobal
